
Microsoft Visual Studio Solution File, Format Version 12.00
# Visual Studio Version 17
VisualStudioVersion = 17.14.36705.20
MinimumVisualStudioVersion = 10.0.40219.1
Project("{8BC9CEB8-8B4A-11D0-8D11-00A0C91BC942}") = "WinAPI", "WinAPI\WinAPI.vcxproj", "{0B377BD1-FDB8-4DE3-9B87-8158DE972A07}"
EndProject
Project("{8BC9CEB8-8B4A-11D0-8D11-00A0C91BC942}") = "ComboBox", "ComboBox\ComboBox.vcxproj", "{095CE426-9079-468B-B507-7911E3429336}"
EndProject
Project("{8BC9CEB8-8B4A-11D0-8D11-00A0C91BC942}") = "ListBox", "ListBox\ListBox.vcxproj", "{C41E2286-EB66-484C-9F38-5AFE74702421}"
EndProject
Project("{8BC9CEB8-8B4A-11D0-8D11-00A0C91BC942}") = "MainWindow", "MainWindow\MainWindow.vcxproj", "{56E0FD6F-E559-4DDD-8A21-08E90E5795CC}"
EndProject
Project("{8BC9CEB8-8B4A-11D0-8D11-00A0C91BC942}") = "Calc", "Calc\Calc.vcxproj", "{05667F01-F3F0-4986-9B93-CC63BB0B5A66}"
EndProject
Project("{8BC9CEB8-8B4A-11D0-8D11-00A0C91BC942}") = "ResourceOnlyDLL", "ResourceOnlyDLL\ResourceOnlyDLL.vcxproj", "{B2F31262-C5BE-4A8F-B754-000A95B670CD}"
EndProject
Global
	GlobalSection(SolutionConfigurationPlatforms) = preSolution
		Debug|x64 = Debug|x64
		Debug|x86 = Debug|x86
		Release|x64 = Release|x64
		Release|x86 = Release|x86
	EndGlobalSection
	GlobalSection(ProjectConfigurationPlatforms) = postSolution
		{0B377BD1-FDB8-4DE3-9B87-8158DE972A07}.Debug|x64.ActiveCfg = Debug|x64
		{0B377BD1-FDB8-4DE3-9B87-8158DE972A07}.Debug|x64.Build.0 = Debug|x64
		{0B377BD1-FDB8-4DE3-9B87-8158DE972A07}.Debug|x86.ActiveCfg = Debug|Win32
		{0B377BD1-FDB8-4DE3-9B87-8158DE972A07}.Debug|x86.Build.0 = Debug|Win32
		{0B377BD1-FDB8-4DE3-9B87-8158DE972A07}.Release|x64.ActiveCfg = Release|x64
		{0B377BD1-FDB8-4DE3-9B87-8158DE972A07}.Release|x64.Build.0 = Release|x64
		{0B377BD1-FDB8-4DE3-9B87-8158DE972A07}.Release|x86.ActiveCfg = Release|Win32
		{0B377BD1-FDB8-4DE3-9B87-8158DE972A07}.Release|x86.Build.0 = Release|Win32
		{095CE426-9079-468B-B507-7911E3429336}.Debug|x64.ActiveCfg = Debug|x64
		{095CE426-9079-468B-B507-7911E3429336}.Debug|x64.Build.0 = Debug|x64
		{095CE426-9079-468B-B507-7911E3429336}.Debug|x86.ActiveCfg = Debug|Win32
		{095CE426-9079-468B-B507-7911E3429336}.Debug|x86.Build.0 = Debug|Win32
		{095CE426-9079-468B-B507-7911E3429336}.Release|x64.ActiveCfg = Release|x64
		{095CE426-9079-468B-B507-7911E3429336}.Release|x64.Build.0 = Release|x64
		{095CE426-9079-468B-B507-7911E3429336}.Release|x86.ActiveCfg = Release|Win32
		{095CE426-9079-468B-B507-7911E3429336}.Release|x86.Build.0 = Release|Win32
		{C41E2286-EB66-484C-9F38-5AFE74702421}.Debug|x64.ActiveCfg = Debug|x64
		{C41E2286-EB66-484C-9F38-5AFE74702421}.Debug|x64.Build.0 = Debug|x64
		{C41E2286-EB66-484C-9F38-5AFE74702421}.Debug|x86.ActiveCfg = Debug|Win32
		{C41E2286-EB66-484C-9F38-5AFE74702421}.Debug|x86.Build.0 = Debug|Win32
		{C41E2286-EB66-484C-9F38-5AFE74702421}.Release|x64.ActiveCfg = Release|x64
		{C41E2286-EB66-484C-9F38-5AFE74702421}.Release|x64.Build.0 = Release|x64
		{C41E2286-EB66-484C-9F38-5AFE74702421}.Release|x86.ActiveCfg = Release|Win32
		{C41E2286-EB66-484C-9F38-5AFE74702421}.Release|x86.Build.0 = Release|Win32
		{56E0FD6F-E559-4DDD-8A21-08E90E5795CC}.Debug|x64.ActiveCfg = Debug|x64
		{56E0FD6F-E559-4DDD-8A21-08E90E5795CC}.Debug|x64.Build.0 = Debug|x64
		{56E0FD6F-E559-4DDD-8A21-08E90E5795CC}.Debug|x86.ActiveCfg = Debug|Win32
		{56E0FD6F-E559-4DDD-8A21-08E90E5795CC}.Debug|x86.Build.0 = Debug|Win32
		{56E0FD6F-E559-4DDD-8A21-08E90E5795CC}.Release|x64.ActiveCfg = Release|x64
		{56E0FD6F-E559-4DDD-8A21-08E90E5795CC}.Release|x64.Build.0 = Release|x64
		{56E0FD6F-E559-4DDD-8A21-08E90E5795CC}.Release|x86.ActiveCfg = Release|Win32
		{56E0FD6F-E559-4DDD-8A21-08E90E5795CC}.Release|x86.Build.0 = Release|Win32
		{05667F01-F3F0-4986-9B93-CC63BB0B5A66}.Debug|x64.ActiveCfg = Debug|x64
		{05667F01-F3F0-4986-9B93-CC63BB0B5A66}.Debug|x64.Build.0 = Debug|x64
		{05667F01-F3F0-4986-9B93-CC63BB0B5A66}.Debug|x86.ActiveCfg = Debug|Win32
		{05667F01-F3F0-4986-9B93-CC63BB0B5A66}.Debug|x86.Build.0 = Debug|Win32
		{05667F01-F3F0-4986-9B93-CC63BB0B5A66}.Release|x64.ActiveCfg = Release|x64
		{05667F01-F3F0-4986-9B93-CC63BB0B5A66}.Release|x64.Build.0 = Release|x64
		{05667F01-F3F0-4986-9B93-CC63BB0B5A66}.Release|x86.ActiveCfg = Release|Win32
		{05667F01-F3F0-4986-9B93-CC63BB0B5A66}.Release|x86.Build.0 = Release|Win32
		{B2F31262-C5BE-4A8F-B754-000A95B670CD}.Debug|x64.ActiveCfg = Debug|x64
		{B2F31262-C5BE-4A8F-B754-000A95B670CD}.Debug|x64.Build.0 = Debug|x64
		{B2F31262-C5BE-4A8F-B754-000A95B670CD}.Debug|x86.ActiveCfg = Debug|Win32
		{B2F31262-C5BE-4A8F-B754-000A95B670CD}.Debug|x86.Build.0 = Debug|Win32
		{B2F31262-C5BE-4A8F-B754-000A95B670CD}.Release|x64.ActiveCfg = Release|x64
		{B2F31262-C5BE-4A8F-B754-000A95B670CD}.Release|x64.Build.0 = Release|x64
		{B2F31262-C5BE-4A8F-B754-000A95B670CD}.Release|x86.ActiveCfg = Release|Win32
		{B2F31262-C5BE-4A8F-B754-000A95B670CD}.Release|x86.Build.0 = Release|Win32
	EndGlobalSection
	GlobalSection(SolutionProperties) = preSolution
		HideSolutionNode = FALSE
	EndGlobalSection
	GlobalSection(ExtensibilityGlobals) = postSolution
		SolutionGuid = {D5F4D5F5-6CFC-4962-B057-C3628A00D7C0}
	EndGlobalSection
EndGlobal
